
Microsoft Visual Studio Solution File, Format Version 12.00
# Visual Studio Version 16
VisualStudioVersion = 16.0.29920.165
MinimumVisualStudioVersion = 10.0.40219.1
Project("{FAE04EC0-301F-11D3-BF4B-00C04F79EFBC}") = "DealCardJohnO", "DealCardJohnO\DealCardJohnO.csproj", "{13E15A82-10D8-4ADC-988A-CAB9F1563816}"
EndProject
Global
	GlobalSection(SolutionConfigurationPlatforms) = preSolution
		Debug|Any CPU = Debug|Any CPU
		Release|Any CPU = Release|Any CPU
	EndGlobalSection
	GlobalSection(ProjectConfigurationPlatforms) = postSolution
		{13E15A82-10D8-4ADC-988A-CAB9F1563816}.Debug|Any CPU.ActiveCfg = Debug|Any CPU
		{13E15A82-10D8-4ADC-988A-CAB9F1563816}.Debug|Any CPU.Build.0 = Debug|Any CPU
		{13E15A82-10D8-4ADC-988A-CAB9F1563816}.Release|Any CPU.ActiveCfg = Release|Any CPU
		{13E15A82-10D8-4ADC-988A-CAB9F1563816}.Release|Any CPU.Build.0 = Release|Any CPU
	EndGlobalSection
	GlobalSection(SolutionProperties) = preSolution
		HideSolutionNode = FALSE
	EndGlobalSection
	GlobalSection(ExtensibilityGlobals) = postSolution
		SolutionGuid = {F9411404-F2F2-4B72-B017-80604A02C1A5}
	EndGlobalSection
EndGlobal
